
Microsoft Visual Studio Solution File, Format Version 12.00
# Visual Studio Version 17
VisualStudioVersion = 17.11.35219.272
MinimumVisualStudioVersion = 10.0.40219.1
Project("{FAE04EC0-301F-11D3-BF4B-00C04F79EFBC}") = "CapaPresentacionAdmin", "CapaPresentacionAdmin\CapaPresentacionAdmin.csproj", "{EB541954-D752-445E-B7AC-8EF04F5D9650}"
EndProject
Project("{FAE04EC0-301F-11D3-BF4B-00C04F79EFBC}") = "CapaPresentacionTienda", "CapaPresentacionTienda\CapaPresentacionTienda.csproj", "{F39CBCB4-FFF9-4841-B8A1-137D0E64B2F5}"
EndProject
Project("{FAE04EC0-301F-11D3-BF4B-00C04F79EFBC}") = "CapaDatos", "CapaDatos\CapaDatos.csproj", "{C416FE70-63C8-441F-9AB5-CB5A18311A51}"
EndProject
Project("{FAE04EC0-301F-11D3-BF4B-00C04F79EFBC}") = "CapaEntidad", "CapaEntidad\CapaEntidad.csproj", "{572E1DA3-2CAE-4A38-B7B1-965F63C89700}"
EndProject
Project("{FAE04EC0-301F-11D3-BF4B-00C04F79EFBC}") = "CapaNegocio", "CapaNegocio\CapaNegocio.csproj", "{8F3E4538-ACBB-44A2-ADC9-483D427F1C93}"
EndProject
Global
	GlobalSection(SolutionConfigurationPlatforms) = preSolution
		Debug|Any CPU = Debug|Any CPU
		Release|Any CPU = Release|Any CPU
	EndGlobalSection
	GlobalSection(ProjectConfigurationPlatforms) = postSolution
		{EB541954-D752-445E-B7AC-8EF04F5D9650}.Debug|Any CPU.ActiveCfg = Debug|Any CPU
		{EB541954-D752-445E-B7AC-8EF04F5D9650}.Debug|Any CPU.Build.0 = Debug|Any CPU
		{EB541954-D752-445E-B7AC-8EF04F5D9650}.Release|Any CPU.ActiveCfg = Release|Any CPU
		{EB541954-D752-445E-B7AC-8EF04F5D9650}.Release|Any CPU.Build.0 = Release|Any CPU
		{F39CBCB4-FFF9-4841-B8A1-137D0E64B2F5}.Debug|Any CPU.ActiveCfg = Debug|Any CPU
		{F39CBCB4-FFF9-4841-B8A1-137D0E64B2F5}.Debug|Any CPU.Build.0 = Debug|Any CPU
		{F39CBCB4-FFF9-4841-B8A1-137D0E64B2F5}.Release|Any CPU.ActiveCfg = Release|Any CPU
		{F39CBCB4-FFF9-4841-B8A1-137D0E64B2F5}.Release|Any CPU.Build.0 = Release|Any CPU
		{C416FE70-63C8-441F-9AB5-CB5A18311A51}.Debug|Any CPU.ActiveCfg = Debug|Any CPU
		{C416FE70-63C8-441F-9AB5-CB5A18311A51}.Debug|Any CPU.Build.0 = Debug|Any CPU
		{C416FE70-63C8-441F-9AB5-CB5A18311A51}.Release|Any CPU.ActiveCfg = Release|Any CPU
		{C416FE70-63C8-441F-9AB5-CB5A18311A51}.Release|Any CPU.Build.0 = Release|Any CPU
		{572E1DA3-2CAE-4A38-B7B1-965F63C89700}.Debug|Any CPU.ActiveCfg = Debug|Any CPU
		{572E1DA3-2CAE-4A38-B7B1-965F63C89700}.Debug|Any CPU.Build.0 = Debug|Any CPU
		{572E1DA3-2CAE-4A38-B7B1-965F63C89700}.Release|Any CPU.ActiveCfg = Release|Any CPU
		{572E1DA3-2CAE-4A38-B7B1-965F63C89700}.Release|Any CPU.Build.0 = Release|Any CPU
		{8F3E4538-ACBB-44A2-ADC9-483D427F1C93}.Debug|Any CPU.ActiveCfg = Debug|Any CPU
		{8F3E4538-ACBB-44A2-ADC9-483D427F1C93}.Debug|Any CPU.Build.0 = Debug|Any CPU
		{8F3E4538-ACBB-44A2-ADC9-483D427F1C93}.Release|Any CPU.ActiveCfg = Release|Any CPU
		{8F3E4538-ACBB-44A2-ADC9-483D427F1C93}.Release|Any CPU.Build.0 = Release|Any CPU
	EndGlobalSection
	GlobalSection(SolutionProperties) = preSolution
		HideSolutionNode = FALSE
	EndGlobalSection
	GlobalSection(ExtensibilityGlobals) = postSolution
		SolutionGuid = {03407743-2082-4097-B131-C5407D26B123}
	EndGlobalSection
EndGlobal
